
Microsoft Visual Studio Solution File, Format Version 12.00
# Visual Studio Version 16
VisualStudioVersion = 16.0.34601.136
MinimumVisualStudioVersion = 10.0.40219.1
Project("{FAE04EC0-301F-11D3-BF4B-00C04F79EFBC}") = "OgrenciNotMVC", "OgrenciNotMVC\OgrenciNotMVC.csproj", "{B17305FE-37B8-4262-9E24-C1EC5228C9EB}"
EndProject
Global
	GlobalSection(SolutionConfigurationPlatforms) = preSolution
		Debug|Any CPU = Debug|Any CPU
		Release|Any CPU = Release|Any CPU
	EndGlobalSection
	GlobalSection(ProjectConfigurationPlatforms) = postSolution
		{B17305FE-37B8-4262-9E24-C1EC5228C9EB}.Debug|Any CPU.ActiveCfg = Debug|Any CPU
		{B17305FE-37B8-4262-9E24-C1EC5228C9EB}.Debug|Any CPU.Build.0 = Debug|Any CPU
		{B17305FE-37B8-4262-9E24-C1EC5228C9EB}.Release|Any CPU.ActiveCfg = Release|Any CPU
		{B17305FE-37B8-4262-9E24-C1EC5228C9EB}.Release|Any CPU.Build.0 = Release|Any CPU
	EndGlobalSection
	GlobalSection(SolutionProperties) = preSolution
		HideSolutionNode = FALSE
	EndGlobalSection
	GlobalSection(ExtensibilityGlobals) = postSolution
		SolutionGuid = {430E24A7-85D9-4423-B842-FF1CB5304569}
	EndGlobalSection
EndGlobal
